
Microsoft Visual Studio Solution File, Format Version 12.00
# Visual Studio Version 17
VisualStudioVersion = 17.9.34728.123
MinimumVisualStudioVersion = 10.0.40219.1
Project("{9A19103F-16F7-4668-BE54-9A1E7A4F7556}") = "IMS.WebApp", "IMS.WebApp\IMS.WebApp.csproj", "{DA1BFC18-2BBD-4763-A8B2-4E662C77149F}"
EndProject
Project("{9A19103F-16F7-4668-BE54-9A1E7A4F7556}") = "IMS.UseCases", "IMS.UseCases\IMS.UseCases.csproj", "{E02F7643-6659-4159-B46F-BA179F7A7641}"
EndProject
Project("{9A19103F-16F7-4668-BE54-9A1E7A4F7556}") = "IMS.CoreBusiness", "IMS.CoreBusiness\IMS.CoreBusiness.csproj", "{FC0F485A-6CC4-4F1B-ADC3-891AFE8F2792}"
EndProject
Project("{2150E333-8FDC-42A3-9474-1A3956D46DE8}") = "IMS.Plugins", "IMS.Plugins", "{05588BD7-2288-4EC2-8B9C-560B2B2DABD0}"
EndProject
Project("{9A19103F-16F7-4668-BE54-9A1E7A4F7556}") = "IMS.Plugins.InMemory", "IMS.Plugins\IMS.Plugins.InMemory\IMS.Plugins.InMemory.csproj", "{292713AF-9940-4CF3-AA95-8AAE41E07A23}"
EndProject
Project("{9A19103F-16F7-4668-BE54-9A1E7A4F7556}") = "IMS.Plugins.EFCoreSqlServer", "IMS.Plugins\IMS.Plugins.EFCoreSqlServer\IMS.Plugins.EFCoreSqlServer.csproj", "{44417527-BE6D-4A2C-9180-4775B15AB852}"
EndProject
Global
	GlobalSection(SolutionConfigurationPlatforms) = preSolution
		Debug|Any CPU = Debug|Any CPU
		Release|Any CPU = Release|Any CPU
	EndGlobalSection
	GlobalSection(ProjectConfigurationPlatforms) = postSolution
		{DA1BFC18-2BBD-4763-A8B2-4E662C77149F}.Debug|Any CPU.ActiveCfg = Debug|Any CPU
		{DA1BFC18-2BBD-4763-A8B2-4E662C77149F}.Debug|Any CPU.Build.0 = Debug|Any CPU
		{DA1BFC18-2BBD-4763-A8B2-4E662C77149F}.Release|Any CPU.ActiveCfg = Release|Any CPU
		{DA1BFC18-2BBD-4763-A8B2-4E662C77149F}.Release|Any CPU.Build.0 = Release|Any CPU
		{E02F7643-6659-4159-B46F-BA179F7A7641}.Debug|Any CPU.ActiveCfg = Debug|Any CPU
		{E02F7643-6659-4159-B46F-BA179F7A7641}.Debug|Any CPU.Build.0 = Debug|Any CPU
		{E02F7643-6659-4159-B46F-BA179F7A7641}.Release|Any CPU.ActiveCfg = Release|Any CPU
		{E02F7643-6659-4159-B46F-BA179F7A7641}.Release|Any CPU.Build.0 = Release|Any CPU
		{FC0F485A-6CC4-4F1B-ADC3-891AFE8F2792}.Debug|Any CPU.ActiveCfg = Debug|Any CPU
		{FC0F485A-6CC4-4F1B-ADC3-891AFE8F2792}.Debug|Any CPU.Build.0 = Debug|Any CPU
		{FC0F485A-6CC4-4F1B-ADC3-891AFE8F2792}.Release|Any CPU.ActiveCfg = Release|Any CPU
		{FC0F485A-6CC4-4F1B-ADC3-891AFE8F2792}.Release|Any CPU.Build.0 = Release|Any CPU
		{292713AF-9940-4CF3-AA95-8AAE41E07A23}.Debug|Any CPU.ActiveCfg = Debug|Any CPU
		{292713AF-9940-4CF3-AA95-8AAE41E07A23}.Debug|Any CPU.Build.0 = Debug|Any CPU
		{292713AF-9940-4CF3-AA95-8AAE41E07A23}.Release|Any CPU.ActiveCfg = Release|Any CPU
		{292713AF-9940-4CF3-AA95-8AAE41E07A23}.Release|Any CPU.Build.0 = Release|Any CPU
		{44417527-BE6D-4A2C-9180-4775B15AB852}.Debug|Any CPU.ActiveCfg = Debug|Any CPU
		{44417527-BE6D-4A2C-9180-4775B15AB852}.Debug|Any CPU.Build.0 = Debug|Any CPU
		{44417527-BE6D-4A2C-9180-4775B15AB852}.Release|Any CPU.ActiveCfg = Release|Any CPU
		{44417527-BE6D-4A2C-9180-4775B15AB852}.Release|Any CPU.Build.0 = Release|Any CPU
	EndGlobalSection
	GlobalSection(SolutionProperties) = preSolution
		HideSolutionNode = FALSE
	EndGlobalSection
	GlobalSection(NestedProjects) = preSolution
		{292713AF-9940-4CF3-AA95-8AAE41E07A23} = {05588BD7-2288-4EC2-8B9C-560B2B2DABD0}
		{44417527-BE6D-4A2C-9180-4775B15AB852} = {05588BD7-2288-4EC2-8B9C-560B2B2DABD0}
	EndGlobalSection
	GlobalSection(ExtensibilityGlobals) = postSolution
		SolutionGuid = {6E8365B6-A4C0-47EC-AE37-BCBD102A267E}
	EndGlobalSection
EndGlobal
